
Microsoft Visual Studio Solution File, Format Version 12.00
# Visual Studio Version 16
VisualStudioVersion = 16.0.30413.136
MinimumVisualStudioVersion = 10.0.40219.1
Project("{FAE04EC0-301F-11D3-BF4B-00C04F79EFBC}") = "LaboriusLayout", "Lab_04\LaboriusLayout.csproj", "{B210BB18-0B5D-4137-8C93-358D494D4291}"
EndProject
Project("{FAE04EC0-301F-11D3-BF4B-00C04F79EFBC}") = "NavigationExample", "NavigationExample\NavigationExample.csproj", "{CBC8F8D9-7432-455F-A3A5-FCFDC8551202}"
EndProject
Global
	GlobalSection(SolutionConfigurationPlatforms) = preSolution
		Debug|ARM = Debug|ARM
		Debug|ARM64 = Debug|ARM64
		Debug|x64 = Debug|x64
		Debug|x86 = Debug|x86
		Release|ARM = Release|ARM
		Release|ARM64 = Release|ARM64
		Release|x64 = Release|x64
		Release|x86 = Release|x86
	EndGlobalSection
	GlobalSection(ProjectConfigurationPlatforms) = postSolution
		{B210BB18-0B5D-4137-8C93-358D494D4291}.Debug|ARM.ActiveCfg = Debug|ARM
		{B210BB18-0B5D-4137-8C93-358D494D4291}.Debug|ARM.Build.0 = Debug|ARM
		{B210BB18-0B5D-4137-8C93-358D494D4291}.Debug|ARM.Deploy.0 = Debug|ARM
		{B210BB18-0B5D-4137-8C93-358D494D4291}.Debug|ARM64.ActiveCfg = Debug|ARM64
		{B210BB18-0B5D-4137-8C93-358D494D4291}.Debug|ARM64.Build.0 = Debug|ARM64
		{B210BB18-0B5D-4137-8C93-358D494D4291}.Debug|ARM64.Deploy.0 = Debug|ARM64
		{B210BB18-0B5D-4137-8C93-358D494D4291}.Debug|x64.ActiveCfg = Debug|x64
		{B210BB18-0B5D-4137-8C93-358D494D4291}.Debug|x64.Build.0 = Debug|x64
		{B210BB18-0B5D-4137-8C93-358D494D4291}.Debug|x64.Deploy.0 = Debug|x64
		{B210BB18-0B5D-4137-8C93-358D494D4291}.Debug|x86.ActiveCfg = Debug|x86
		{B210BB18-0B5D-4137-8C93-358D494D4291}.Debug|x86.Build.0 = Debug|x86
		{B210BB18-0B5D-4137-8C93-358D494D4291}.Debug|x86.Deploy.0 = Debug|x86
		{B210BB18-0B5D-4137-8C93-358D494D4291}.Release|ARM.ActiveCfg = Release|ARM
		{B210BB18-0B5D-4137-8C93-358D494D4291}.Release|ARM.Build.0 = Release|ARM
		{B210BB18-0B5D-4137-8C93-358D494D4291}.Release|ARM.Deploy.0 = Release|ARM
		{B210BB18-0B5D-4137-8C93-358D494D4291}.Release|ARM64.ActiveCfg = Release|ARM64
		{B210BB18-0B5D-4137-8C93-358D494D4291}.Release|ARM64.Build.0 = Release|ARM64
		{B210BB18-0B5D-4137-8C93-358D494D4291}.Release|ARM64.Deploy.0 = Release|ARM64
		{B210BB18-0B5D-4137-8C93-358D494D4291}.Release|x64.ActiveCfg = Release|x64
		{B210BB18-0B5D-4137-8C93-358D494D4291}.Release|x64.Build.0 = Release|x64
		{B210BB18-0B5D-4137-8C93-358D494D4291}.Release|x64.Deploy.0 = Release|x64
		{B210BB18-0B5D-4137-8C93-358D494D4291}.Release|x86.ActiveCfg = Release|x86
		{B210BB18-0B5D-4137-8C93-358D494D4291}.Release|x86.Build.0 = Release|x86
		{B210BB18-0B5D-4137-8C93-358D494D4291}.Release|x86.Deploy.0 = Release|x86
		{CBC8F8D9-7432-455F-A3A5-FCFDC8551202}.Debug|ARM.ActiveCfg = Debug|ARM
		{CBC8F8D9-7432-455F-A3A5-FCFDC8551202}.Debug|ARM.Build.0 = Debug|ARM
		{CBC8F8D9-7432-455F-A3A5-FCFDC8551202}.Debug|ARM.Deploy.0 = Debug|ARM
		{CBC8F8D9-7432-455F-A3A5-FCFDC8551202}.Debug|ARM64.ActiveCfg = Debug|ARM64
		{CBC8F8D9-7432-455F-A3A5-FCFDC8551202}.Debug|ARM64.Build.0 = Debug|ARM64
		{CBC8F8D9-7432-455F-A3A5-FCFDC8551202}.Debug|ARM64.Deploy.0 = Debug|ARM64
		{CBC8F8D9-7432-455F-A3A5-FCFDC8551202}.Debug|x64.ActiveCfg = Debug|x64
		{CBC8F8D9-7432-455F-A3A5-FCFDC8551202}.Debug|x64.Build.0 = Debug|x64
		{CBC8F8D9-7432-455F-A3A5-FCFDC8551202}.Debug|x64.Deploy.0 = Debug|x64
		{CBC8F8D9-7432-455F-A3A5-FCFDC8551202}.Debug|x86.ActiveCfg = Debug|x86
		{CBC8F8D9-7432-455F-A3A5-FCFDC8551202}.Debug|x86.Build.0 = Debug|x86
		{CBC8F8D9-7432-455F-A3A5-FCFDC8551202}.Debug|x86.Deploy.0 = Debug|x86
		{CBC8F8D9-7432-455F-A3A5-FCFDC8551202}.Release|ARM.ActiveCfg = Release|ARM
		{CBC8F8D9-7432-455F-A3A5-FCFDC8551202}.Release|ARM.Build.0 = Release|ARM
		{CBC8F8D9-7432-455F-A3A5-FCFDC8551202}.Release|ARM.Deploy.0 = Release|ARM
		{CBC8F8D9-7432-455F-A3A5-FCFDC8551202}.Release|ARM64.ActiveCfg = Release|ARM64
		{CBC8F8D9-7432-455F-A3A5-FCFDC8551202}.Release|ARM64.Build.0 = Release|ARM64
		{CBC8F8D9-7432-455F-A3A5-FCFDC8551202}.Release|ARM64.Deploy.0 = Release|ARM64
		{CBC8F8D9-7432-455F-A3A5-FCFDC8551202}.Release|x64.ActiveCfg = Release|x64
		{CBC8F8D9-7432-455F-A3A5-FCFDC8551202}.Release|x64.Build.0 = Release|x64
		{CBC8F8D9-7432-455F-A3A5-FCFDC8551202}.Release|x64.Deploy.0 = Release|x64
		{CBC8F8D9-7432-455F-A3A5-FCFDC8551202}.Release|x86.ActiveCfg = Release|x86
		{CBC8F8D9-7432-455F-A3A5-FCFDC8551202}.Release|x86.Build.0 = Release|x86
		{CBC8F8D9-7432-455F-A3A5-FCFDC8551202}.Release|x86.Deploy.0 = Release|x86
	EndGlobalSection
	GlobalSection(SolutionProperties) = preSolution
		HideSolutionNode = FALSE
	EndGlobalSection
	GlobalSection(ExtensibilityGlobals) = postSolution
		SolutionGuid = {BE3BD581-ECA8-4094-AEF6-6665FBFFAEEB}
	EndGlobalSection
EndGlobal
